
Microsoft Visual Studio Solution File, Format Version 12.00
# Visual Studio Version 17
VisualStudioVersion = 17.14.36915.13 d17.14
MinimumVisualStudioVersion = 10.0.40219.1
Project("{FAE04EC0-301F-11D3-BF4B-00C04F79EFBC}") = "ST10475262 PART 2", "ST10475262 PART 2\ST10475262 PART 2.csproj", "{B3B8A499-56D6-4299-ABF8-2276D9103AB1}"
EndProject
Global
	GlobalSection(SolutionConfigurationPlatforms) = preSolution
		Debug|Any CPU = Debug|Any CPU
		Release|Any CPU = Release|Any CPU
	EndGlobalSection
	GlobalSection(ProjectConfigurationPlatforms) = postSolution
		{B3B8A499-56D6-4299-ABF8-2276D9103AB1}.Debug|Any CPU.ActiveCfg = Debug|Any CPU
		{B3B8A499-56D6-4299-ABF8-2276D9103AB1}.Debug|Any CPU.Build.0 = Debug|Any CPU
		{B3B8A499-56D6-4299-ABF8-2276D9103AB1}.Release|Any CPU.ActiveCfg = Release|Any CPU
		{B3B8A499-56D6-4299-ABF8-2276D9103AB1}.Release|Any CPU.Build.0 = Release|Any CPU
	EndGlobalSection
	GlobalSection(SolutionProperties) = preSolution
		HideSolutionNode = FALSE
	EndGlobalSection
	GlobalSection(ExtensibilityGlobals) = postSolution
		SolutionGuid = {002C60D2-B6D9-43E4-B2E8-43A9CA126CAE}
	EndGlobalSection
EndGlobal
